{
  "name": "narrative-engine",
  "lockfileVersion": 3,
  "requires": true,
  "packages": {
    "": {
      "dependencies": {
        "rd-parse": "^3.4.0",
        "rd-parse-jsexpr": "^3.2.0"
      },
      "devDependencies": {
        "@types/node": "^22.4.2"
      }
    },
    "node_modules/@types/node": {
      "version": "22.4.2",
      "resolved": "https://registry.npmjs.org/@types/node/-/node-22.4.2.tgz",
      "integrity": "sha512-nAvM3Ey230/XzxtyDcJ+VjvlzpzoHwLsF7JaDRfoI0ytO0mVheerNmM45CtA0yOILXwXXxOrcUWH3wltX+7PSw==",
      "dev": true,
      "license": "MIT",
      "dependencies": {
        "undici-types": "~6.19.2"
      }
    },
    "node_modules/rd-parse": {
      "version": "3.4.0",
      "resolved": "https://registry.npmjs.org/rd-parse/-/rd-parse-3.4.0.tgz",
      "integrity": "sha512-edfqu/TL96tJQi4yX8eolEZ2hkdUGOQDl/l556FKpkYnhDVTzG0wSTIc1Z9HS6Y+slto3GRAvypG277+0AO0iQ==",
      "license": "MIT"
    },
    "node_modules/rd-parse-jsexpr": {
      "version": "3.2.0",
      "resolved": "https://registry.npmjs.org/rd-parse-jsexpr/-/rd-parse-jsexpr-3.2.0.tgz",
      "integrity": "sha512-BfArYrFpyPo6brWVRJvibpqLchCAiuZ5NFGq4kq/basAciHhtqtlhGA1rusYkQa18G5ZW0iAyvdhFYEte/MpVQ==",
      "license": "MIT",
      "dependencies": {
        "rd-parse": "^3.4.0"
      }
    },
    "node_modules/undici-types": {
      "version": "6.19.8",
      "resolved": "https://registry.npmjs.org/undici-types/-/undici-types-6.19.8.tgz",
      "integrity": "sha512-ve2KP6f/JnbPBFyobGHuerC9g1FYGn/F8n1LWTwNxCEzd6IfqTwUQcNXgEtmmQ6DlRrC1hrSrBnCZPokRrDHjw==",
      "dev": true,
      "license": "MIT"
    }
  }
}
