{
  "name": "narrative-engine",
  "lockfileVersion": 3,
  "requires": true,
  "packages": {
    "": {
      "devDependencies": {
        "@types/node": "^22.5.0",
        "bun-types": "latest",
        "peggy": "^4.0.3",
        "rd-parse": "^3.4.0",
        "rd-parse-jsexpr": "^3.2.0",
        "typescript": "^5.5.4"
      }
    },
    "node_modules/@peggyjs/from-mem": {
      "version": "1.3.0",
      "resolved": "https://registry.npmjs.org/@peggyjs/from-mem/-/from-mem-1.3.0.tgz",
      "integrity": "sha512-kzGoIRJjkg3KuGI4bopz9UvF3KguzfxalHRDEIdqEZUe45xezsQ6cx30e0RKuxPUexojQRBfu89Okn7f4/QXsw==",
      "dev": true,
      "dependencies": {
        "semver": "7.6.0"
      },
      "engines": {
        "node": ">=18"
      }
    },
    "node_modules/@types/node": {
      "version": "22.5.0",
      "resolved": "https://registry.npmjs.org/@types/node/-/node-22.5.0.tgz",
      "integrity": "sha512-DkFrJOe+rfdHTqqMg0bSNlGlQ85hSoh2TPzZyhHsXnMtligRWpxUySiyw8FY14ITt24HVCiQPWxS3KO/QlGmWg==",
      "dev": true,
      "dependencies": {
        "undici-types": "~6.19.2"
      }
    },
    "node_modules/@types/ws": {
      "version": "8.5.12",
      "resolved": "https://registry.npmjs.org/@types/ws/-/ws-8.5.12.tgz",
      "integrity": "sha512-3tPRkv1EtkDpzlgyKyI8pGsGZAGPEaXeu0DOj5DI25Ja91bdAYddYHbADRYVrZMRbfW+1l5YwXVDKohDJNQxkQ==",
      "dev": true,
      "dependencies": {
        "@types/node": "*"
      }
    },
    "node_modules/bun-types": {
      "version": "1.1.26",
      "resolved": "https://registry.npmjs.org/bun-types/-/bun-types-1.1.26.tgz",
      "integrity": "sha512-n7jDe62LsB2+WE8Q8/mT3azkPaatKlj/2MyP6hi3mKvPz9oPpB6JW/Ll6JHtNLudasFFuvfgklYSE+rreGvBjw==",
      "dev": true,
      "dependencies": {
        "@types/node": "~20.12.8",
        "@types/ws": "~8.5.10"
      }
    },
    "node_modules/bun-types/node_modules/@types/node": {
      "version": "20.12.14",
      "resolved": "https://registry.npmjs.org/@types/node/-/node-20.12.14.tgz",
      "integrity": "sha512-scnD59RpYD91xngrQQLGkE+6UrHUPzeKZWhhjBSa3HSkwjbQc38+q3RoIVEwxQGRw3M+j5hpNAM+lgV3cVormg==",
      "dev": true,
      "dependencies": {
        "undici-types": "~5.26.4"
      }
    },
    "node_modules/bun-types/node_modules/undici-types": {
      "version": "5.26.5",
      "resolved": "https://registry.npmjs.org/undici-types/-/undici-types-5.26.5.tgz",
      "integrity": "sha512-JlCMO+ehdEIKqlFxk6IfVoAUVmgz7cU7zD/h9XZ0qzeosSHmUJVOzSQvvYSYWXkFXC+IfLKSIffhv0sVZup6pA==",
      "dev": true
    },
    "node_modules/commander": {
      "version": "12.1.0",
      "resolved": "https://registry.npmjs.org/commander/-/commander-12.1.0.tgz",
      "integrity": "sha512-Vw8qHK3bZM9y/P10u3Vib8o/DdkvA2OtPtZvD871QKjy74Wj1WSKFILMPRPSdUSx5RFK1arlJzEtA4PkFgnbuA==",
      "dev": true,
      "engines": {
        "node": ">=18"
      }
    },
    "node_modules/lru-cache": {
      "version": "6.0.0",
      "resolved": "https://registry.npmjs.org/lru-cache/-/lru-cache-6.0.0.tgz",
      "integrity": "sha512-Jo6dJ04CmSjuznwJSS3pUeWmd/H0ffTlkXXgwZi+eq1UCmqQwCh+eLsYOYCwY991i2Fah4h1BEMCx4qThGbsiA==",
      "dev": true,
      "dependencies": {
        "yallist": "^4.0.0"
      },
      "engines": {
        "node": ">=10"
      }
    },
    "node_modules/peggy": {
      "version": "4.0.3",
      "resolved": "https://registry.npmjs.org/peggy/-/peggy-4.0.3.tgz",
      "integrity": "sha512-v7/Pt6kGYsfXsCrfb52q7/yg5jaAwiVaUMAPLPvy4DJJU6Wwr72t6nDIqIDkGfzd1B4zeVuTnQT0RGeOhe/uSA==",
      "dev": true,
      "dependencies": {
        "@peggyjs/from-mem": "1.3.0",
        "commander": "^12.1.0",
        "source-map-generator": "0.8.0"
      },
      "bin": {
        "peggy": "bin/peggy.js"
      },
      "engines": {
        "node": ">=18"
      }
    },
    "node_modules/rd-parse": {
      "version": "3.4.0",
      "resolved": "https://registry.npmjs.org/rd-parse/-/rd-parse-3.4.0.tgz",
      "integrity": "sha512-edfqu/TL96tJQi4yX8eolEZ2hkdUGOQDl/l556FKpkYnhDVTzG0wSTIc1Z9HS6Y+slto3GRAvypG277+0AO0iQ==",
      "dev": true,
      "license": "MIT"
    },
    "node_modules/rd-parse-jsexpr": {
      "version": "3.2.0",
      "resolved": "https://registry.npmjs.org/rd-parse-jsexpr/-/rd-parse-jsexpr-3.2.0.tgz",
      "integrity": "sha512-BfArYrFpyPo6brWVRJvibpqLchCAiuZ5NFGq4kq/basAciHhtqtlhGA1rusYkQa18G5ZW0iAyvdhFYEte/MpVQ==",
      "dev": true,
      "license": "MIT",
      "dependencies": {
        "rd-parse": "^3.4.0"
      }
    },
    "node_modules/semver": {
      "version": "7.6.0",
      "resolved": "https://registry.npmjs.org/semver/-/semver-7.6.0.tgz",
      "integrity": "sha512-EnwXhrlwXMk9gKu5/flx5sv/an57AkRplG3hTK68W7FRDN+k+OWBj65M7719OkA82XLBxrcX0KSHj+X5COhOVg==",
      "dev": true,
      "dependencies": {
        "lru-cache": "^6.0.0"
      },
      "bin": {
        "semver": "bin/semver.js"
      },
      "engines": {
        "node": ">=10"
      }
    },
    "node_modules/source-map-generator": {
      "version": "0.8.0",
      "resolved": "https://registry.npmjs.org/source-map-generator/-/source-map-generator-0.8.0.tgz",
      "integrity": "sha512-psgxdGMwl5MZM9S3FWee4EgsEaIjahYV5AzGnwUvPhWeITz/j6rKpysQHlQ4USdxvINlb8lKfWGIXwfkrgtqkA==",
      "dev": true,
      "engines": {
        "node": ">= 10"
      }
    },
    "node_modules/typescript": {
      "version": "5.5.4",
      "resolved": "https://registry.npmjs.org/typescript/-/typescript-5.5.4.tgz",
      "integrity": "sha512-Mtq29sKDAEYP7aljRgtPOpTvOfbwRWlS6dPRzwjdE+C0R4brX/GUyhHSecbHMFLNBLcJIPt9nl9yG5TZ1weH+Q==",
      "dev": true,
      "bin": {
        "tsc": "bin/tsc",
        "tsserver": "bin/tsserver"
      },
      "engines": {
        "node": ">=14.17"
      }
    },
    "node_modules/undici-types": {
      "version": "6.19.8",
      "resolved": "https://registry.npmjs.org/undici-types/-/undici-types-6.19.8.tgz",
      "integrity": "sha512-ve2KP6f/JnbPBFyobGHuerC9g1FYGn/F8n1LWTwNxCEzd6IfqTwUQcNXgEtmmQ6DlRrC1hrSrBnCZPokRrDHjw==",
      "dev": true,
      "license": "MIT"
    },
    "node_modules/yallist": {
      "version": "4.0.0",
      "resolved": "https://registry.npmjs.org/yallist/-/yallist-4.0.0.tgz",
      "integrity": "sha512-3wdGidZyq5PB084XLES5TpOSRA3wjXAlIWMhum2kRcv/41Sn2emQ0dycQW4uZXLejwKvg6EsvbdlVL+FYEct7A==",
      "dev": true
    }
  }
}
